// !$*UTF8*$!
{
	archiveVersion = 1;
	classes = {
	};
	objectVersion = 45;
	objects = {

/* Begin PBXBuildFile section */
		49EDA8A212FE404700036F58 /* Icon.png in Resources */ = {isa = PBXBuildFile; fileRef = 49EDA8A112FE404700036F58 /* Icon.png */; };
		B5CEAC7013178508007FA89C /* SCPlayerView.h in Headers */ = {isa = PBXBuildFile; fileRef = B5CEAC6813178508007FA89C /* SCPlayerView.h */; };
		B5CEAC7113178508007FA89C /* SCPlayerView.m in Sources */ = {isa = PBXBuildFile; fileRef = B5CEAC6913178508007FA89C /* SCPlayerView.m */; };
		B5CEAC7213178508007FA89C /* SCPlayerViewController.h in Headers */ = {isa = PBXBuildFile; fileRef = B5CEAC6A13178508007FA89C /* SCPlayerViewController.h */; };
		B5CEAC7313178508007FA89C /* SCPlayerViewController.m in Sources */ = {isa = PBXBuildFile; fileRef = B5CEAC6B13178508007FA89C /* SCPlayerViewController.m */; };
		B5CEAC7413178508007FA89C /* SCPlayerViewControllerDelegate.h in Headers */ = {isa = PBXBuildFile; fileRef = B5CEAC6C13178508007FA89C /* SCPlayerViewControllerDelegate.h */; };
		B5CEAC7513178508007FA89C /* SCPlayerViewDebugging.h in Headers */ = {isa = PBXBuildFile; fileRef = B5CEAC6D13178508007FA89C /* SCPlayerViewDebugging.h */; };
		B5CEAC7613178508007FA89C /* SCPlayerViewError.h in Headers */ = {isa = PBXBuildFile; fileRef = B5CEAC6E13178508007FA89C /* SCPlayerViewError.h */; };
		B5CEAC7713178508007FA89C /* SCPlayerViewError.m in Sources */ = {isa = PBXBuildFile; fileRef = B5CEAC6F13178508007FA89C /* SCPlayerViewError.m */; };
		B5CEAC7813178508007FA89C /* SCPlayerView.bundle in Resources */ = {isa = PBXBuildFile; fileRef = B5CEAC6713178508007FA89C /* SCPlayerView.bundle */; };
		B5CEAC7913178508007FA89C /* SCPlayerView.m in Sources */ = {isa = PBXBuildFile; fileRef = B5CEAC6913178508007FA89C /* SCPlayerView.m */; };
		B5CEAC7A13178508007FA89C /* SCPlayerViewController.m in Sources */ = {isa = PBXBuildFile; fileRef = B5CEAC6B13178508007FA89C /* SCPlayerViewController.m */; };
		B5CEAC7B13178508007FA89C /* SCPlayerViewError.m in Sources */ = {isa = PBXBuildFile; fileRef = B5CEAC6F13178508007FA89C /* SCPlayerViewError.m */; };
		B5CEAC7C13178508007FA89C /* SCPlayerView.bundle in Resources */ = {isa = PBXBuildFile; fileRef = B5CEAC6713178508007FA89C /* SCPlayerView.bundle */; };
		B5CEAC7D13178508007FA89C /* SCPlayerView.m in Sources */ = {isa = PBXBuildFile; fileRef = B5CEAC6913178508007FA89C /* SCPlayerView.m */; };
		B5CEAC7E13178508007FA89C /* SCPlayerViewController.m in Sources */ = {isa = PBXBuildFile; fileRef = B5CEAC6B13178508007FA89C /* SCPlayerViewController.m */; };
		B5CEAC7F13178508007FA89C /* SCPlayerViewError.m in Sources */ = {isa = PBXBuildFile; fileRef = B5CEAC6F13178508007FA89C /* SCPlayerViewError.m */; };
		B5CEAC9813178534007FA89C /* JSON.h in Headers */ = {isa = PBXBuildFile; fileRef = B5CEAC8513178534007FA89C /* JSON.h */; };
		B5CEAC9913178534007FA89C /* NSObject+JSON.h in Headers */ = {isa = PBXBuildFile; fileRef = B5CEAC8613178534007FA89C /* NSObject+JSON.h */; };
		B5CEAC9A13178534007FA89C /* NSObject+JSON.m in Sources */ = {isa = PBXBuildFile; fileRef = B5CEAC8713178534007FA89C /* NSObject+JSON.m */; };
		B5CEAC9B13178534007FA89C /* SBJsonParser.h in Headers */ = {isa = PBXBuildFile; fileRef = B5CEAC8813178534007FA89C /* SBJsonParser.h */; };
		B5CEAC9C13178534007FA89C /* SBJsonParser.m in Sources */ = {isa = PBXBuildFile; fileRef = B5CEAC8913178534007FA89C /* SBJsonParser.m */; };
		B5CEAC9D13178534007FA89C /* SBJsonStreamParser.h in Headers */ = {isa = PBXBuildFile; fileRef = B5CEAC8A13178534007FA89C /* SBJsonStreamParser.h */; };
		B5CEAC9E13178534007FA89C /* SBJsonStreamParser.m in Sources */ = {isa = PBXBuildFile; fileRef = B5CEAC8B13178534007FA89C /* SBJsonStreamParser.m */; };
		B5CEAC9F13178534007FA89C /* SBJsonStreamParserAdapter.h in Headers */ = {isa = PBXBuildFile; fileRef = B5CEAC8C13178534007FA89C /* SBJsonStreamParserAdapter.h */; };
		B5CEACA013178534007FA89C /* SBJsonStreamParserAdapter.m in Sources */ = {isa = PBXBuildFile; fileRef = B5CEAC8D13178534007FA89C /* SBJsonStreamParserAdapter.m */; };
		B5CEACA113178534007FA89C /* SBJsonStreamParserState.h in Headers */ = {isa = PBXBuildFile; fileRef = B5CEAC8E13178534007FA89C /* SBJsonStreamParserState.h */; };
		B5CEACA213178534007FA89C /* SBJsonStreamParserState.m in Sources */ = {isa = PBXBuildFile; fileRef = B5CEAC8F13178534007FA89C /* SBJsonStreamParserState.m */; };
		B5CEACA313178534007FA89C /* SBJsonStreamWriter.h in Headers */ = {isa = PBXBuildFile; fileRef = B5CEAC9013178534007FA89C /* SBJsonStreamWriter.h */; };
		B5CEACA413178534007FA89C /* SBJsonStreamWriter.m in Sources */ = {isa = PBXBuildFile; fileRef = B5CEAC9113178534007FA89C /* SBJsonStreamWriter.m */; };
		B5CEACA513178534007FA89C /* SBJsonStreamWriterState.h in Headers */ = {isa = PBXBuildFile; fileRef = B5CEAC9213178534007FA89C /* SBJsonStreamWriterState.h */; };
		B5CEACA613178534007FA89C /* SBJsonStreamWriterState.m in Sources */ = {isa = PBXBuildFile; fileRef = B5CEAC9313178534007FA89C /* SBJsonStreamWriterState.m */; };
		B5CEACA713178534007FA89C /* SBJsonTokeniser.h in Headers */ = {isa = PBXBuildFile; fileRef = B5CEAC9413178534007FA89C /* SBJsonTokeniser.h */; };
		B5CEACA813178534007FA89C /* SBJsonTokeniser.m in Sources */ = {isa = PBXBuildFile; fileRef = B5CEAC9513178534007FA89C /* SBJsonTokeniser.m */; };
		B5CEACA913178534007FA89C /* SBJsonWriter.h in Headers */ = {isa = PBXBuildFile; fileRef = B5CEAC9613178534007FA89C /* SBJsonWriter.h */; };
		B5CEACAA13178534007FA89C /* SBJsonWriter.m in Sources */ = {isa = PBXBuildFile; fileRef = B5CEAC9713178534007FA89C /* SBJsonWriter.m */; };
		B5CEACAB13178534007FA89C /* NSObject+JSON.m in Sources */ = {isa = PBXBuildFile; fileRef = B5CEAC8713178534007FA89C /* NSObject+JSON.m */; };
		B5CEACAC13178534007FA89C /* SBJsonParser.m in Sources */ = {isa = PBXBuildFile; fileRef = B5CEAC8913178534007FA89C /* SBJsonParser.m */; };
		B5CEACAD13178534007FA89C /* SBJsonStreamParser.m in Sources */ = {isa = PBXBuildFile; fileRef = B5CEAC8B13178534007FA89C /* SBJsonStreamParser.m */; };
		B5CEACAE13178534007FA89C /* SBJsonStreamParserAdapter.m in Sources */ = {isa = PBXBuildFile; fileRef = B5CEAC8D13178534007FA89C /* SBJsonStreamParserAdapter.m */; };
		B5CEACAF13178534007FA89C /* SBJsonStreamParserState.m in Sources */ = {isa = PBXBuildFile; fileRef = B5CEAC8F13178534007FA89C /* SBJsonStreamParserState.m */; };
		B5CEACB013178534007FA89C /* SBJsonStreamWriter.m in Sources */ = {isa = PBXBuildFile; fileRef = B5CEAC9113178534007FA89C /* SBJsonStreamWriter.m */; };
		B5CEACB113178534007FA89C /* SBJsonStreamWriterState.m in Sources */ = {isa = PBXBuildFile; fileRef = B5CEAC9313178534007FA89C /* SBJsonStreamWriterState.m */; };
		B5CEACB213178534007FA89C /* SBJsonTokeniser.m in Sources */ = {isa = PBXBuildFile; fileRef = B5CEAC9513178534007FA89C /* SBJsonTokeniser.m */; };
		B5CEACB313178534007FA89C /* SBJsonWriter.m in Sources */ = {isa = PBXBuildFile; fileRef = B5CEAC9713178534007FA89C /* SBJsonWriter.m */; };
		B5CEACB413178534007FA89C /* NSObject+JSON.m in Sources */ = {isa = PBXBuildFile; fileRef = B5CEAC8713178534007FA89C /* NSObject+JSON.m */; };
		B5CEACB513178534007FA89C /* SBJsonParser.m in Sources */ = {isa = PBXBuildFile; fileRef = B5CEAC8913178534007FA89C /* SBJsonParser.m */; };
		B5CEACB613178534007FA89C /* SBJsonStreamParser.m in Sources */ = {isa = PBXBuildFile; fileRef = B5CEAC8B13178534007FA89C /* SBJsonStreamParser.m */; };
		B5CEACB713178534007FA89C /* SBJsonStreamParserAdapter.m in Sources */ = {isa = PBXBuildFile; fileRef = B5CEAC8D13178534007FA89C /* SBJsonStreamParserAdapter.m */; };
		B5CEACB813178534007FA89C /* SBJsonStreamParserState.m in Sources */ = {isa = PBXBuildFile; fileRef = B5CEAC8F13178534007FA89C /* SBJsonStreamParserState.m */; };
		B5CEACB913178534007FA89C /* SBJsonStreamWriter.m in Sources */ = {isa = PBXBuildFile; fileRef = B5CEAC9113178534007FA89C /* SBJsonStreamWriter.m */; };
		B5CEACBA13178534007FA89C /* SBJsonStreamWriterState.m in Sources */ = {isa = PBXBuildFile; fileRef = B5CEAC9313178534007FA89C /* SBJsonStreamWriterState.m */; };
		B5CEACBB13178534007FA89C /* SBJsonTokeniser.m in Sources */ = {isa = PBXBuildFile; fileRef = B5CEAC9513178534007FA89C /* SBJsonTokeniser.m */; };
		B5CEACBC13178534007FA89C /* SBJsonWriter.m in Sources */ = {isa = PBXBuildFile; fileRef = B5CEAC9713178534007FA89C /* SBJsonWriter.m */; };
		B5E3D68012FBB8C200586AD9 /* TestAppViewController.m in Sources */ = {isa = PBXBuildFile; fileRef = B5E3D67E12FBB8C200586AD9 /* TestAppViewController.m */; };
		B5E3D68112FBB8C200586AD9 /* TestAppViewController.xib in Resources */ = {isa = PBXBuildFile; fileRef = B5E3D67F12FBB8C200586AD9 /* TestAppViewController.xib */; };
		B5E3D68512FBBA9500586AD9 /* main.m in Sources */ = {isa = PBXBuildFile; fileRef = B5E3D68212FBBA9500586AD9 /* main.m */; };
		B5E3D68612FBBA9500586AD9 /* TestAppDelegate.m in Sources */ = {isa = PBXBuildFile; fileRef = B5E3D68412FBBA9500586AD9 /* TestAppDelegate.m */; };
		B5E3D69512FBBB9E00586AD9 /* MainWindow.xib in Resources */ = {isa = PBXBuildFile; fileRef = B5E3D69412FBBB9E00586AD9 /* MainWindow.xib */; };
		BD6668550F83F84100ABF98B /* Foundation.framework in Frameworks */ = {isa = PBXBuildFile; fileRef = BD6668540F83F84100ABF98B /* Foundation.framework */; };
		BD6668570F83F84100ABF98B /* UIKit.framework in Frameworks */ = {isa = PBXBuildFile; fileRef = BD6668560F83F84100ABF98B /* UIKit.framework */; };
		BD6668F80F83F87C00ABF98B /* CoreGraphics.framework in Frameworks */ = {isa = PBXBuildFile; fileRef = BD6668F70F83F87C00ABF98B /* CoreGraphics.framework */; };
		BD80A3EC0F8A69980067878C /* OCMock.framework in Frameworks */ = {isa = PBXBuildFile; fileRef = BD80A3EB0F8A69980067878C /* OCMock.framework */; };
		BD80A3F90F8A6A180067878C /* OCMock.framework in CopyFiles */ = {isa = PBXBuildFile; fileRef = BD80A3EB0F8A69980067878C /* OCMock.framework */; };
		BD80A6F20F8C87A60067878C /* UnitTest-Info.plist in Resources */ = {isa = PBXBuildFile; fileRef = BD80A6F10F8C87A60067878C /* UnitTest-Info.plist */; };
		BD80A79A0F8D2EA50067878C /* GTMSenTestCase.m in Sources */ = {isa = PBXBuildFile; fileRef = BD80A7950F8D2EA50067878C /* GTMSenTestCase.m */; };
		BD80A79B0F8D2EA50067878C /* GTMIPhoneUnitTestMain.m in Sources */ = {isa = PBXBuildFile; fileRef = BD80A7970F8D2EA50067878C /* GTMIPhoneUnitTestMain.m */; };
		BD80A79C0F8D2EA50067878C /* GTMIPhoneUnitTestDelegate.m in Sources */ = {isa = PBXBuildFile; fileRef = BD80A7980F8D2EA50067878C /* GTMIPhoneUnitTestDelegate.m */; };
/* End PBXBuildFile section */

/* Begin PBXContainerItemProxy section */
		BD80A5590F8BC7BF0067878C /* PBXContainerItemProxy */ = {
			isa = PBXContainerItemProxy;
			containerPortal = 0867D690FE84028FC02AAC07 /* Project object */;
			proxyType = 1;
			remoteGlobalIDString = D2AAC07D0554694100DB518D;
			remoteInfo = "soundcloud-player-webview";
		};
/* End PBXContainerItemProxy section */

/* Begin PBXCopyFilesBuildPhase section */
		BD80A3F80F8A69DC0067878C /* CopyFiles */ = {
			isa = PBXCopyFilesBuildPhase;
			buildActionMask = 2147483647;
			dstPath = "";
			dstSubfolderSpec = 16;
			files = (
				BD80A3F90F8A6A180067878C /* OCMock.framework in CopyFiles */,
			);
			runOnlyForDeploymentPostprocessing = 0;
		};
/* End PBXCopyFilesBuildPhase section */

/* Begin PBXFileReference section */
		32DBCF5E0370ADEE00C91783 /* soundcloud-player-webview_Prefix.pch */ = {isa = PBXFileReference; fileEncoding = 4; lastKnownFileType = sourcecode.c.h; path = "soundcloud-player-webview_Prefix.pch"; sourceTree = "<group>"; };
		49EDA8A112FE404700036F58 /* Icon.png */ = {isa = PBXFileReference; lastKnownFileType = image.png; path = Icon.png; sourceTree = "<group>"; };
		49EDA8B012FE41F100036F58 /* README.rdoc */ = {isa = PBXFileReference; fileEncoding = 4; lastKnownFileType = text; path = README.rdoc; sourceTree = "<group>"; };
		B5CEAC6713178508007FA89C /* SCPlayerView.bundle */ = {isa = PBXFileReference; lastKnownFileType = "wrapper.plug-in"; path = SCPlayerView.bundle; sourceTree = "<group>"; };
		B5CEAC6813178508007FA89C /* SCPlayerView.h */ = {isa = PBXFileReference; fileEncoding = 4; lastKnownFileType = sourcecode.c.h; path = SCPlayerView.h; sourceTree = "<group>"; };
		B5CEAC6913178508007FA89C /* SCPlayerView.m */ = {isa = PBXFileReference; fileEncoding = 4; lastKnownFileType = sourcecode.c.objc; path = SCPlayerView.m; sourceTree = "<group>"; };
		B5CEAC6A13178508007FA89C /* SCPlayerViewController.h */ = {isa = PBXFileReference; fileEncoding = 4; lastKnownFileType = sourcecode.c.h; path = SCPlayerViewController.h; sourceTree = "<group>"; };
		B5CEAC6B13178508007FA89C /* SCPlayerViewController.m */ = {isa = PBXFileReference; fileEncoding = 4; lastKnownFileType = sourcecode.c.objc; path = SCPlayerViewController.m; sourceTree = "<group>"; };
		B5CEAC6C13178508007FA89C /* SCPlayerViewControllerDelegate.h */ = {isa = PBXFileReference; fileEncoding = 4; lastKnownFileType = sourcecode.c.h; path = SCPlayerViewControllerDelegate.h; sourceTree = "<group>"; };
		B5CEAC6D13178508007FA89C /* SCPlayerViewDebugging.h */ = {isa = PBXFileReference; fileEncoding = 4; lastKnownFileType = sourcecode.c.h; path = SCPlayerViewDebugging.h; sourceTree = "<group>"; };
		B5CEAC6E13178508007FA89C /* SCPlayerViewError.h */ = {isa = PBXFileReference; fileEncoding = 4; lastKnownFileType = sourcecode.c.h; path = SCPlayerViewError.h; sourceTree = "<group>"; };
		B5CEAC6F13178508007FA89C /* SCPlayerViewError.m */ = {isa = PBXFileReference; fileEncoding = 4; lastKnownFileType = sourcecode.c.objc; path = SCPlayerViewError.m; sourceTree = "<group>"; };
		B5CEAC8513178534007FA89C /* JSON.h */ = {isa = PBXFileReference; fileEncoding = 4; lastKnownFileType = sourcecode.c.h; path = JSON.h; sourceTree = "<group>"; };
		B5CEAC8613178534007FA89C /* NSObject+JSON.h */ = {isa = PBXFileReference; fileEncoding = 4; lastKnownFileType = sourcecode.c.h; path = "NSObject+JSON.h"; sourceTree = "<group>"; };
		B5CEAC8713178534007FA89C /* NSObject+JSON.m */ = {isa = PBXFileReference; fileEncoding = 4; lastKnownFileType = sourcecode.c.objc; path = "NSObject+JSON.m"; sourceTree = "<group>"; };
		B5CEAC8813178534007FA89C /* SBJsonParser.h */ = {isa = PBXFileReference; fileEncoding = 4; lastKnownFileType = sourcecode.c.h; path = SBJsonParser.h; sourceTree = "<group>"; };
		B5CEAC8913178534007FA89C /* SBJsonParser.m */ = {isa = PBXFileReference; fileEncoding = 4; lastKnownFileType = sourcecode.c.objc; path = SBJsonParser.m; sourceTree = "<group>"; };
		B5CEAC8A13178534007FA89C /* SBJsonStreamParser.h */ = {isa = PBXFileReference; fileEncoding = 4; lastKnownFileType = sourcecode.c.h; path = SBJsonStreamParser.h; sourceTree = "<group>"; };
		B5CEAC8B13178534007FA89C /* SBJsonStreamParser.m */ = {isa = PBXFileReference; fileEncoding = 4; lastKnownFileType = sourcecode.c.objc; path = SBJsonStreamParser.m; sourceTree = "<group>"; };
		B5CEAC8C13178534007FA89C /* SBJsonStreamParserAdapter.h */ = {isa = PBXFileReference; fileEncoding = 4; lastKnownFileType = sourcecode.c.h; path = SBJsonStreamParserAdapter.h; sourceTree = "<group>"; };
		B5CEAC8D13178534007FA89C /* SBJsonStreamParserAdapter.m */ = {isa = PBXFileReference; fileEncoding = 4; lastKnownFileType = sourcecode.c.objc; path = SBJsonStreamParserAdapter.m; sourceTree = "<group>"; };
		B5CEAC8E13178534007FA89C /* SBJsonStreamParserState.h */ = {isa = PBXFileReference; fileEncoding = 4; lastKnownFileType = sourcecode.c.h; path = SBJsonStreamParserState.h; sourceTree = "<group>"; };
		B5CEAC8F13178534007FA89C /* SBJsonStreamParserState.m */ = {isa = PBXFileReference; fileEncoding = 4; lastKnownFileType = sourcecode.c.objc; path = SBJsonStreamParserState.m; sourceTree = "<group>"; };
		B5CEAC9013178534007FA89C /* SBJsonStreamWriter.h */ = {isa = PBXFileReference; fileEncoding = 4; lastKnownFileType = sourcecode.c.h; path = SBJsonStreamWriter.h; sourceTree = "<group>"; };
		B5CEAC9113178534007FA89C /* SBJsonStreamWriter.m */ = {isa = PBXFileReference; fileEncoding = 4; lastKnownFileType = sourcecode.c.objc; path = SBJsonStreamWriter.m; sourceTree = "<group>"; };
		B5CEAC9213178534007FA89C /* SBJsonStreamWriterState.h */ = {isa = PBXFileReference; fileEncoding = 4; lastKnownFileType = sourcecode.c.h; path = SBJsonStreamWriterState.h; sourceTree = "<group>"; };
		B5CEAC9313178534007FA89C /* SBJsonStreamWriterState.m */ = {isa = PBXFileReference; fileEncoding = 4; lastKnownFileType = sourcecode.c.objc; path = SBJsonStreamWriterState.m; sourceTree = "<group>"; };
		B5CEAC9413178534007FA89C /* SBJsonTokeniser.h */ = {isa = PBXFileReference; fileEncoding = 4; lastKnownFileType = sourcecode.c.h; path = SBJsonTokeniser.h; sourceTree = "<group>"; };
		B5CEAC9513178534007FA89C /* SBJsonTokeniser.m */ = {isa = PBXFileReference; fileEncoding = 4; lastKnownFileType = sourcecode.c.objc; path = SBJsonTokeniser.m; sourceTree = "<group>"; };
		B5CEAC9613178534007FA89C /* SBJsonWriter.h */ = {isa = PBXFileReference; fileEncoding = 4; lastKnownFileType = sourcecode.c.h; path = SBJsonWriter.h; sourceTree = "<group>"; };
		B5CEAC9713178534007FA89C /* SBJsonWriter.m */ = {isa = PBXFileReference; fileEncoding = 4; lastKnownFileType = sourcecode.c.objc; path = SBJsonWriter.m; sourceTree = "<group>"; };
		B5E3D67612FBB86D00586AD9 /* SCPlayerView.app */ = {isa = PBXFileReference; explicitFileType = wrapper.application; includeInIndex = 0; path = SCPlayerView.app; sourceTree = BUILT_PRODUCTS_DIR; };
		B5E3D67C12FBB89E00586AD9 /* Test App-Info.plist */ = {isa = PBXFileReference; fileEncoding = 4; lastKnownFileType = text.plist.xml; path = "Test App-Info.plist"; sourceTree = "<group>"; };
		B5E3D67D12FBB8C200586AD9 /* TestAppViewController.h */ = {isa = PBXFileReference; fileEncoding = 4; lastKnownFileType = sourcecode.c.h; path = TestAppViewController.h; sourceTree = "<group>"; };
		B5E3D67E12FBB8C200586AD9 /* TestAppViewController.m */ = {isa = PBXFileReference; fileEncoding = 4; lastKnownFileType = sourcecode.c.objc; path = TestAppViewController.m; sourceTree = "<group>"; };
		B5E3D67F12FBB8C200586AD9 /* TestAppViewController.xib */ = {isa = PBXFileReference; lastKnownFileType = file.xib; path = TestAppViewController.xib; sourceTree = "<group>"; };
		B5E3D68212FBBA9500586AD9 /* main.m */ = {isa = PBXFileReference; fileEncoding = 4; lastKnownFileType = sourcecode.c.objc; path = main.m; sourceTree = "<group>"; };
		B5E3D68312FBBA9500586AD9 /* TestAppDelegate.h */ = {isa = PBXFileReference; fileEncoding = 4; lastKnownFileType = sourcecode.c.h; path = TestAppDelegate.h; sourceTree = "<group>"; };
		B5E3D68412FBBA9500586AD9 /* TestAppDelegate.m */ = {isa = PBXFileReference; fileEncoding = 4; lastKnownFileType = sourcecode.c.objc; path = TestAppDelegate.m; sourceTree = "<group>"; };
		B5E3D69412FBBB9E00586AD9 /* MainWindow.xib */ = {isa = PBXFileReference; lastKnownFileType = file.xib; path = MainWindow.xib; sourceTree = "<group>"; };
		BD6668540F83F84100ABF98B /* Foundation.framework */ = {isa = PBXFileReference; lastKnownFileType = wrapper.framework; name = Foundation.framework; path = System/Library/Frameworks/Foundation.framework; sourceTree = SDKROOT; };
		BD6668560F83F84100ABF98B /* UIKit.framework */ = {isa = PBXFileReference; lastKnownFileType = wrapper.framework; name = UIKit.framework; path = System/Library/Frameworks/UIKit.framework; sourceTree = SDKROOT; };
		BD6668F70F83F87C00ABF98B /* CoreGraphics.framework */ = {isa = PBXFileReference; lastKnownFileType = wrapper.framework; name = CoreGraphics.framework; path = System/Library/Frameworks/CoreGraphics.framework; sourceTree = SDKROOT; };
		BD80A3A20F894C7F0067878C /* UnitTest.app */ = {isa = PBXFileReference; explicitFileType = wrapper.application; includeInIndex = 0; path = UnitTest.app; sourceTree = BUILT_PRODUCTS_DIR; };
		BD80A3EB0F8A69980067878C /* OCMock.framework */ = {isa = PBXFileReference; lastKnownFileType = wrapper.framework; name = OCMock.framework; path = Frameworks/OCMock.framework; sourceTree = "<group>"; };
		BD80A6F10F8C87A60067878C /* UnitTest-Info.plist */ = {isa = PBXFileReference; fileEncoding = 4; lastKnownFileType = text.plist.xml; path = "UnitTest-Info.plist"; sourceTree = SOURCE_ROOT; };
		BD80A7940F8D2EA50067878C /* GTMIPhoneUnitTestDelegate.h */ = {isa = PBXFileReference; fileEncoding = 4; lastKnownFileType = sourcecode.c.h; path = GTMIPhoneUnitTestDelegate.h; sourceTree = SOURCE_ROOT; };
		BD80A7950F8D2EA50067878C /* GTMSenTestCase.m */ = {isa = PBXFileReference; fileEncoding = 4; lastKnownFileType = sourcecode.c.objc; path = GTMSenTestCase.m; sourceTree = SOURCE_ROOT; };
		BD80A7960F8D2EA50067878C /* GTMSenTestCase.h */ = {isa = PBXFileReference; fileEncoding = 4; lastKnownFileType = sourcecode.c.h; path = GTMSenTestCase.h; sourceTree = SOURCE_ROOT; };
		BD80A7970F8D2EA50067878C /* GTMIPhoneUnitTestMain.m */ = {isa = PBXFileReference; fileEncoding = 4; lastKnownFileType = sourcecode.c.objc; path = GTMIPhoneUnitTestMain.m; sourceTree = SOURCE_ROOT; };
		BD80A7980F8D2EA50067878C /* GTMIPhoneUnitTestDelegate.m */ = {isa = PBXFileReference; fileEncoding = 4; lastKnownFileType = sourcecode.c.objc; path = GTMIPhoneUnitTestDelegate.m; sourceTree = SOURCE_ROOT; };
		BD80A7990F8D2EA50067878C /* GTMDefines.h */ = {isa = PBXFileReference; fileEncoding = 4; lastKnownFileType = sourcecode.c.h; path = GTMDefines.h; sourceTree = SOURCE_ROOT; };
		BD80A79E0F8D3B310067878C /* RunIPhoneUnitTest.sh */ = {isa = PBXFileReference; fileEncoding = 4; lastKnownFileType = text.script.sh; path = RunIPhoneUnitTest.sh; sourceTree = SOURCE_ROOT; };
		D2AAC07E0554694100DB518D /* libsoundcloud-player-webview.a */ = {isa = PBXFileReference; explicitFileType = archive.ar; includeInIndex = 0; path = "libsoundcloud-player-webview.a"; sourceTree = BUILT_PRODUCTS_DIR; };
/* End PBXFileReference section */

/* Begin PBXFrameworksBuildPhase section */
		B5E3D67412FBB86D00586AD9 /* Frameworks */ = {
			isa = PBXFrameworksBuildPhase;
			buildActionMask = 2147483647;
			files = (
			);
			runOnlyForDeploymentPostprocessing = 0;
		};
		BD80A3A00F894C7F0067878C /* Frameworks */ = {
			isa = PBXFrameworksBuildPhase;
			buildActionMask = 2147483647;
			files = (
				BD80A3EC0F8A69980067878C /* OCMock.framework in Frameworks */,
			);
			runOnlyForDeploymentPostprocessing = 0;
		};
		D2AAC07C0554694100DB518D /* Frameworks */ = {
			isa = PBXFrameworksBuildPhase;
			buildActionMask = 2147483647;
			files = (
				BD6668550F83F84100ABF98B /* Foundation.framework in Frameworks */,
				BD6668570F83F84100ABF98B /* UIKit.framework in Frameworks */,
				BD6668F80F83F87C00ABF98B /* CoreGraphics.framework in Frameworks */,
			);
			runOnlyForDeploymentPostprocessing = 0;
		};
/* End PBXFrameworksBuildPhase section */

/* Begin PBXGroup section */
		034768DFFF38A50411DB9C8B /* Products */ = {
			isa = PBXGroup;
			children = (
				D2AAC07E0554694100DB518D /* libsoundcloud-player-webview.a */,
				BD80A3A20F894C7F0067878C /* UnitTest.app */,
				B5E3D67612FBB86D00586AD9 /* SCPlayerView.app */,
			);
			name = Products;
			sourceTree = "<group>";
		};
		0867D691FE84028FC02AAC07 /* soundcloud-player-webview */ = {
			isa = PBXGroup;
			children = (
				B5CEAC6613178508007FA89C /* SCPlayerView */,
				49EDA8B012FE41F100036F58 /* README.rdoc */,
				B5E3D67112FBB83200586AD9 /* TestApp */,
				BD849B6E0F8921ED00EB1682 /* GoogleToolbox */,
				BD849B6C0F8921BB00EB1682 /* UnitTests */,
				32C88DFF0371C24200C91783 /* Other Sources */,
				0867D69AFE84028FC02AAC07 /* Frameworks */,
				034768DFFF38A50411DB9C8B /* Products */,
				BD80A6F10F8C87A60067878C /* UnitTest-Info.plist */,
				BD80A79E0F8D3B310067878C /* RunIPhoneUnitTest.sh */,
			);
			name = "soundcloud-player-webview";
			sourceTree = "<group>";
		};
		0867D69AFE84028FC02AAC07 /* Frameworks */ = {
			isa = PBXGroup;
			children = (
				B5CEAC8413178534007FA89C /* JSON */,
				BD80A3EB0F8A69980067878C /* OCMock.framework */,
				BD6668560F83F84100ABF98B /* UIKit.framework */,
				BD6668540F83F84100ABF98B /* Foundation.framework */,
				BD6668F70F83F87C00ABF98B /* CoreGraphics.framework */,
			);
			name = Frameworks;
			sourceTree = "<group>";
		};
		32C88DFF0371C24200C91783 /* Other Sources */ = {
			isa = PBXGroup;
			children = (
				32DBCF5E0370ADEE00C91783 /* soundcloud-player-webview_Prefix.pch */,
			);
			name = "Other Sources";
			sourceTree = "<group>";
		};
		B5CEAC6613178508007FA89C /* SCPlayerView */ = {
			isa = PBXGroup;
			children = (
				B5CEAC6713178508007FA89C /* SCPlayerView.bundle */,
				B5CEAC6813178508007FA89C /* SCPlayerView.h */,
				B5CEAC6913178508007FA89C /* SCPlayerView.m */,
				B5CEAC6A13178508007FA89C /* SCPlayerViewController.h */,
				B5CEAC6B13178508007FA89C /* SCPlayerViewController.m */,
				B5CEAC6C13178508007FA89C /* SCPlayerViewControllerDelegate.h */,
				B5CEAC6D13178508007FA89C /* SCPlayerViewDebugging.h */,
				B5CEAC6E13178508007FA89C /* SCPlayerViewError.h */,
				B5CEAC6F13178508007FA89C /* SCPlayerViewError.m */,
			);
			name = SCPlayerView;
			path = Classes/SCPlayerView;
			sourceTree = "<group>";
		};
		B5CEAC8413178534007FA89C /* JSON */ = {
			isa = PBXGroup;
			children = (
				B5CEAC8513178534007FA89C /* JSON.h */,
				B5CEAC8613178534007FA89C /* NSObject+JSON.h */,
				B5CEAC8713178534007FA89C /* NSObject+JSON.m */,
				B5CEAC8813178534007FA89C /* SBJsonParser.h */,
				B5CEAC8913178534007FA89C /* SBJsonParser.m */,
				B5CEAC8A13178534007FA89C /* SBJsonStreamParser.h */,
				B5CEAC8B13178534007FA89C /* SBJsonStreamParser.m */,
				B5CEAC8C13178534007FA89C /* SBJsonStreamParserAdapter.h */,
				B5CEAC8D13178534007FA89C /* SBJsonStreamParserAdapter.m */,
				B5CEAC8E13178534007FA89C /* SBJsonStreamParserState.h */,
				B5CEAC8F13178534007FA89C /* SBJsonStreamParserState.m */,
				B5CEAC9013178534007FA89C /* SBJsonStreamWriter.h */,
				B5CEAC9113178534007FA89C /* SBJsonStreamWriter.m */,
				B5CEAC9213178534007FA89C /* SBJsonStreamWriterState.h */,
				B5CEAC9313178534007FA89C /* SBJsonStreamWriterState.m */,
				B5CEAC9413178534007FA89C /* SBJsonTokeniser.h */,
				B5CEAC9513178534007FA89C /* SBJsonTokeniser.m */,
				B5CEAC9613178534007FA89C /* SBJsonWriter.h */,
				B5CEAC9713178534007FA89C /* SBJsonWriter.m */,
			);
			name = JSON;
			path = "Frameworks/json-framework/Classes";
			sourceTree = "<group>";
		};
		B5E3D67112FBB83200586AD9 /* TestApp */ = {
			isa = PBXGroup;
			children = (
				49EDA8A112FE404700036F58 /* Icon.png */,
				B5E3D69412FBBB9E00586AD9 /* MainWindow.xib */,
				B5E3D68212FBBA9500586AD9 /* main.m */,
				B5E3D68312FBBA9500586AD9 /* TestAppDelegate.h */,
				B5E3D68412FBBA9500586AD9 /* TestAppDelegate.m */,
				B5E3D67C12FBB89E00586AD9 /* Test App-Info.plist */,
				B5E3D67D12FBB8C200586AD9 /* TestAppViewController.h */,
				B5E3D67E12FBB8C200586AD9 /* TestAppViewController.m */,
				B5E3D67F12FBB8C200586AD9 /* TestAppViewController.xib */,
			);
			path = TestApp;
			sourceTree = "<group>";
		};
		BD849B6C0F8921BB00EB1682 /* UnitTests */ = {
			isa = PBXGroup;
			children = (
			);
			name = UnitTests;
			sourceTree = "<group>";
		};
		BD849B6E0F8921ED00EB1682 /* GoogleToolbox */ = {
			isa = PBXGroup;
			children = (
				BD80A7990F8D2EA50067878C /* GTMDefines.h */,
				BD80A7960F8D2EA50067878C /* GTMSenTestCase.h */,
				BD80A7950F8D2EA50067878C /* GTMSenTestCase.m */,
				BD80A7970F8D2EA50067878C /* GTMIPhoneUnitTestMain.m */,
				BD80A7940F8D2EA50067878C /* GTMIPhoneUnitTestDelegate.h */,
				BD80A7980F8D2EA50067878C /* GTMIPhoneUnitTestDelegate.m */,
			);
			name = GoogleToolbox;
			sourceTree = "<group>";
		};
/* End PBXGroup section */

/* Begin PBXHeadersBuildPhase section */
		D2AAC07A0554694100DB518D /* Headers */ = {
			isa = PBXHeadersBuildPhase;
			buildActionMask = 2147483647;
			files = (
				B5CEAC7013178508007FA89C /* SCPlayerView.h in Headers */,
				B5CEAC7213178508007FA89C /* SCPlayerViewController.h in Headers */,
				B5CEAC7413178508007FA89C /* SCPlayerViewControllerDelegate.h in Headers */,
				B5CEAC7513178508007FA89C /* SCPlayerViewDebugging.h in Headers */,
				B5CEAC7613178508007FA89C /* SCPlayerViewError.h in Headers */,
				B5CEAC9813178534007FA89C /* JSON.h in Headers */,
				B5CEAC9913178534007FA89C /* NSObject+JSON.h in Headers */,
				B5CEAC9B13178534007FA89C /* SBJsonParser.h in Headers */,
				B5CEAC9D13178534007FA89C /* SBJsonStreamParser.h in Headers */,
				B5CEAC9F13178534007FA89C /* SBJsonStreamParserAdapter.h in Headers */,
				B5CEACA113178534007FA89C /* SBJsonStreamParserState.h in Headers */,
				B5CEACA313178534007FA89C /* SBJsonStreamWriter.h in Headers */,
				B5CEACA513178534007FA89C /* SBJsonStreamWriterState.h in Headers */,
				B5CEACA713178534007FA89C /* SBJsonTokeniser.h in Headers */,
				B5CEACA913178534007FA89C /* SBJsonWriter.h in Headers */,
			);
			runOnlyForDeploymentPostprocessing = 0;
		};
/* End PBXHeadersBuildPhase section */

/* Begin PBXNativeTarget section */
		B5E3D67512FBB86D00586AD9 /* Test App */ = {
			isa = PBXNativeTarget;
			buildConfigurationList = B5E3D67B12FBB86E00586AD9 /* Build configuration list for PBXNativeTarget "Test App" */;
			buildPhases = (
				B5E3D67212FBB86D00586AD9 /* Resources */,
				B5E3D67312FBB86D00586AD9 /* Sources */,
				B5E3D67412FBB86D00586AD9 /* Frameworks */,
			);
			buildRules = (
			);
			dependencies = (
			);
			name = "Test App";
			productName = "Test App";
			productReference = B5E3D67612FBB86D00586AD9 /* SCPlayerView.app */;
			productType = "com.apple.product-type.application";
		};
		BD80A3A10F894C7F0067878C /* UnitTest */ = {
			isa = PBXNativeTarget;
			buildConfigurationList = BD80A3B30F894CAE0067878C /* Build configuration list for PBXNativeTarget "UnitTest" */;
			buildPhases = (
				BD80A3F80F8A69DC0067878C /* CopyFiles */,
				BD80A39E0F894C7F0067878C /* Resources */,
				BD80A39F0F894C7F0067878C /* Sources */,
				BD80A3A00F894C7F0067878C /* Frameworks */,
				BD80A3C90F894CDD0067878C /* ShellScript */,
			);
			buildRules = (
			);
			dependencies = (
				BD80A55A0F8BC7BF0067878C /* PBXTargetDependency */,
			);
			name = UnitTest;
			productName = UnitTest;
			productReference = BD80A3A20F894C7F0067878C /* UnitTest.app */;
			productType = "com.apple.product-type.application";
		};
		D2AAC07D0554694100DB518D /* soundcloud-player-webview */ = {
			isa = PBXNativeTarget;
			buildConfigurationList = 1DEB921E08733DC00010E9CD /* Build configuration list for PBXNativeTarget "soundcloud-player-webview" */;
			buildPhases = (
				D2AAC07A0554694100DB518D /* Headers */,
				D2AAC07B0554694100DB518D /* Sources */,
				D2AAC07C0554694100DB518D /* Frameworks */,
			);
			buildRules = (
			);
			dependencies = (
			);
			name = "soundcloud-player-webview";
			productName = "soundcloud-player-webview";
			productReference = D2AAC07E0554694100DB518D /* libsoundcloud-player-webview.a */;
			productType = "com.apple.product-type.library.static";
		};
/* End PBXNativeTarget section */

/* Begin PBXProject section */
		0867D690FE84028FC02AAC07 /* Project object */ = {
			isa = PBXProject;
			attributes = {
				ORGANIZATIONNAME = "2moro mobile";
			};
			buildConfigurationList = 1DEB922208733DC00010E9CD /* Build configuration list for PBXProject "soundcloud-player-webview" */;
			compatibilityVersion = "Xcode 3.1";
			developmentRegion = English;
			hasScannedForEncodings = 1;
			knownRegions = (
				English,
				Japanese,
				French,
				German,
			);
			mainGroup = 0867D691FE84028FC02AAC07 /* soundcloud-player-webview */;
			productRefGroup = 034768DFFF38A50411DB9C8B /* Products */;
			projectDirPath = "";
			projectRoot = "";
			targets = (
				D2AAC07D0554694100DB518D /* soundcloud-player-webview */,
				BD80A3A10F894C7F0067878C /* UnitTest */,
				B5E3D67512FBB86D00586AD9 /* Test App */,
			);
		};
/* End PBXProject section */

/* Begin PBXResourcesBuildPhase section */
		B5E3D67212FBB86D00586AD9 /* Resources */ = {
			isa = PBXResourcesBuildPhase;
			buildActionMask = 2147483647;
			files = (
				B5E3D68112FBB8C200586AD9 /* TestAppViewController.xib in Resources */,
				B5E3D69512FBBB9E00586AD9 /* MainWindow.xib in Resources */,
				49EDA8A212FE404700036F58 /* Icon.png in Resources */,
				B5CEAC7813178508007FA89C /* SCPlayerView.bundle in Resources */,
			);
			runOnlyForDeploymentPostprocessing = 0;
		};
		BD80A39E0F894C7F0067878C /* Resources */ = {
			isa = PBXResourcesBuildPhase;
			buildActionMask = 2147483647;
			files = (
				BD80A6F20F8C87A60067878C /* UnitTest-Info.plist in Resources */,
				B5CEAC7C13178508007FA89C /* SCPlayerView.bundle in Resources */,
			);
			runOnlyForDeploymentPostprocessing = 0;
		};
/* End PBXResourcesBuildPhase section */

/* Begin PBXShellScriptBuildPhase section */
		BD80A3C90F894CDD0067878C /* ShellScript */ = {
			isa = PBXShellScriptBuildPhase;
			buildActionMask = 2147483647;
			files = (
			);
			inputPaths = (
			);
			outputPaths = (
			);
			runOnlyForDeploymentPostprocessing = 0;
			shellPath = /bin/sh;
			shellScript = "#\"$GTM_PATH/UnitTesting/RunIPhoneUnitTest.sh\"\n\n\"$PROJECT_DIR/RunIPhoneUnitTest.sh\"";
			showEnvVarsInLog = 0;
		};
/* End PBXShellScriptBuildPhase section */

/* Begin PBXSourcesBuildPhase section */
		B5E3D67312FBB86D00586AD9 /* Sources */ = {
			isa = PBXSourcesBuildPhase;
			buildActionMask = 2147483647;
			files = (
				B5E3D68012FBB8C200586AD9 /* TestAppViewController.m in Sources */,
				B5E3D68512FBBA9500586AD9 /* main.m in Sources */,
				B5E3D68612FBBA9500586AD9 /* TestAppDelegate.m in Sources */,
				B5CEAC7913178508007FA89C /* SCPlayerView.m in Sources */,
				B5CEAC7A13178508007FA89C /* SCPlayerViewController.m in Sources */,
				B5CEAC7B13178508007FA89C /* SCPlayerViewError.m in Sources */,
				B5CEACAB13178534007FA89C /* NSObject+JSON.m in Sources */,
				B5CEACAC13178534007FA89C /* SBJsonParser.m in Sources */,
				B5CEACAD13178534007FA89C /* SBJsonStreamParser.m in Sources */,
				B5CEACAE13178534007FA89C /* SBJsonStreamParserAdapter.m in Sources */,
				B5CEACAF13178534007FA89C /* SBJsonStreamParserState.m in Sources */,
				B5CEACB013178534007FA89C /* SBJsonStreamWriter.m in Sources */,
				B5CEACB113178534007FA89C /* SBJsonStreamWriterState.m in Sources */,
				B5CEACB213178534007FA89C /* SBJsonTokeniser.m in Sources */,
				B5CEACB313178534007FA89C /* SBJsonWriter.m in Sources */,
			);
			runOnlyForDeploymentPostprocessing = 0;
		};
		BD80A39F0F894C7F0067878C /* Sources */ = {
			isa = PBXSourcesBuildPhase;
			buildActionMask = 2147483647;
			files = (
				BD80A79A0F8D2EA50067878C /* GTMSenTestCase.m in Sources */,
				BD80A79B0F8D2EA50067878C /* GTMIPhoneUnitTestMain.m in Sources */,
				BD80A79C0F8D2EA50067878C /* GTMIPhoneUnitTestDelegate.m in Sources */,
				B5CEAC7D13178508007FA89C /* SCPlayerView.m in Sources */,
				B5CEAC7E13178508007FA89C /* SCPlayerViewController.m in Sources */,
				B5CEAC7F13178508007FA89C /* SCPlayerViewError.m in Sources */,
				B5CEACB413178534007FA89C /* NSObject+JSON.m in Sources */,
				B5CEACB513178534007FA89C /* SBJsonParser.m in Sources */,
				B5CEACB613178534007FA89C /* SBJsonStreamParser.m in Sources */,
				B5CEACB713178534007FA89C /* SBJsonStreamParserAdapter.m in Sources */,
				B5CEACB813178534007FA89C /* SBJsonStreamParserState.m in Sources */,
				B5CEACB913178534007FA89C /* SBJsonStreamWriter.m in Sources */,
				B5CEACBA13178534007FA89C /* SBJsonStreamWriterState.m in Sources */,
				B5CEACBB13178534007FA89C /* SBJsonTokeniser.m in Sources */,
				B5CEACBC13178534007FA89C /* SBJsonWriter.m in Sources */,
			);
			runOnlyForDeploymentPostprocessing = 0;
		};
		D2AAC07B0554694100DB518D /* Sources */ = {
			isa = PBXSourcesBuildPhase;
			buildActionMask = 2147483647;
			files = (
				B5CEAC7113178508007FA89C /* SCPlayerView.m in Sources */,
				B5CEAC7313178508007FA89C /* SCPlayerViewController.m in Sources */,
				B5CEAC7713178508007FA89C /* SCPlayerViewError.m in Sources */,
				B5CEAC9A13178534007FA89C /* NSObject+JSON.m in Sources */,
				B5CEAC9C13178534007FA89C /* SBJsonParser.m in Sources */,
				B5CEAC9E13178534007FA89C /* SBJsonStreamParser.m in Sources */,
				B5CEACA013178534007FA89C /* SBJsonStreamParserAdapter.m in Sources */,
				B5CEACA213178534007FA89C /* SBJsonStreamParserState.m in Sources */,
				B5CEACA413178534007FA89C /* SBJsonStreamWriter.m in Sources */,
				B5CEACA613178534007FA89C /* SBJsonStreamWriterState.m in Sources */,
				B5CEACA813178534007FA89C /* SBJsonTokeniser.m in Sources */,
				B5CEACAA13178534007FA89C /* SBJsonWriter.m in Sources */,
			);
			runOnlyForDeploymentPostprocessing = 0;
		};
/* End PBXSourcesBuildPhase section */

/* Begin PBXTargetDependency section */
		BD80A55A0F8BC7BF0067878C /* PBXTargetDependency */ = {
			isa = PBXTargetDependency;
			target = D2AAC07D0554694100DB518D /* soundcloud-player-webview */;
			targetProxy = BD80A5590F8BC7BF0067878C /* PBXContainerItemProxy */;
		};
/* End PBXTargetDependency section */

/* Begin XCBuildConfiguration section */
		1DEB921F08733DC00010E9CD /* Debug */ = {
			isa = XCBuildConfiguration;
			buildSettings = {
				ALWAYS_SEARCH_USER_PATHS = NO;
				ARCHS = "$(ARCHS_STANDARD_32_BIT)";
				COPY_PHASE_STRIP = NO;
				GCC_DYNAMIC_NO_PIC = NO;
				GCC_ENABLE_FIX_AND_CONTINUE = YES;
				GCC_MODEL_TUNING = G5;
				GCC_OPTIMIZATION_LEVEL = 0;
				GCC_PRECOMPILE_PREFIX_HEADER = YES;
				GCC_PREFIX_HEADER = "soundcloud-player-webview_Prefix.pch";
				INSTALL_PATH = /usr/local/lib;
				ONLY_ACTIVE_ARCH = YES;
				OTHER_CFLAGS = "-DDEBUG=1";
				PRODUCT_NAME = "soundcloud-player-webview";
			};
			name = Debug;
		};
		1DEB922008733DC00010E9CD /* Release */ = {
			isa = XCBuildConfiguration;
			buildSettings = {
				ALWAYS_SEARCH_USER_PATHS = NO;
				ARCHS = "$(ARCHS_STANDARD_32_BIT)";
				DEBUG_INFORMATION_FORMAT = "dwarf-with-dsym";
				GCC_MODEL_TUNING = G5;
				GCC_PRECOMPILE_PREFIX_HEADER = YES;
				GCC_PREFIX_HEADER = "soundcloud-player-webview_Prefix.pch";
				INSTALL_PATH = /usr/local/lib;
				OTHER_CFLAGS = "";
				PRODUCT_NAME = "soundcloud-player-webview";
			};
			name = Release;
		};
		1DEB922308733DC00010E9CD /* Debug */ = {
			isa = XCBuildConfiguration;
			buildSettings = {
				ARCHS = "$(ARCHS_STANDARD_32_BIT)";
				GCC_C_LANGUAGE_STANDARD = c99;
				GCC_OPTIMIZATION_LEVEL = 0;
				GCC_WARN_ABOUT_RETURN_TYPE = YES;
				GCC_WARN_UNUSED_VARIABLE = YES;
				ONLY_ACTIVE_ARCH = YES;
				PREBINDING = NO;
				SDKROOT = iphoneos;
			};
			name = Debug;
		};
		1DEB922408733DC00010E9CD /* Release */ = {
			isa = XCBuildConfiguration;
			buildSettings = {
				ARCHS = "$(ARCHS_STANDARD_32_BIT)";
				GCC_C_LANGUAGE_STANDARD = c99;
				GCC_WARN_ABOUT_RETURN_TYPE = YES;
				GCC_WARN_UNUSED_VARIABLE = YES;
				PREBINDING = NO;
				SDKROOT = iphoneos;
			};
			name = Release;
		};
		B5E3D67912FBB86E00586AD9 /* Debug */ = {
			isa = XCBuildConfiguration;
			buildSettings = {
				ALWAYS_SEARCH_USER_PATHS = NO;
				CODE_SIGN_IDENTITY = "iPhone Developer";
				COPY_PHASE_STRIP = NO;
				GCC_DYNAMIC_NO_PIC = NO;
				GCC_OPTIMIZATION_LEVEL = 0;
				GCC_PRECOMPILE_PREFIX_HEADER = YES;
				GCC_PREFIX_HEADER = "$(SYSTEM_LIBRARY_DIR)/Frameworks/UIKit.framework/Headers/UIKit.h";
				GCC_PREPROCESSOR_DEFINITIONS = "SCPLAYER_DEBUG=1";
				INFOPLIST_FILE = "TestApp/Test App-Info.plist";
				INSTALL_PATH = "$(HOME)/Applications";
				OTHER_LDFLAGS = (
					"-framework",
					Foundation,
					"-framework",
					UIKit,
				);
				PREBINDING = NO;
				PRODUCT_NAME = SCPlayerView;
				PROVISIONING_PROFILE = "";
				SDKROOT = iphoneos;
			};
			name = Debug;
		};
		B5E3D67A12FBB86E00586AD9 /* Release */ = {
			isa = XCBuildConfiguration;
			buildSettings = {
				ALWAYS_SEARCH_USER_PATHS = NO;
				CODE_SIGN_IDENTITY = "iPhone Developer";
				COPY_PHASE_STRIP = YES;
				DEBUG_INFORMATION_FORMAT = "dwarf-with-dsym";
				GCC_ENABLE_FIX_AND_CONTINUE = NO;
				GCC_PRECOMPILE_PREFIX_HEADER = YES;
				GCC_PREFIX_HEADER = "$(SYSTEM_LIBRARY_DIR)/Frameworks/UIKit.framework/Headers/UIKit.h";
				GCC_PREPROCESSOR_DEFINITIONS = "SCPLAYER_DEBUG=1";
				INFOPLIST_FILE = "TestApp/Test App-Info.plist";
				INSTALL_PATH = "$(HOME)/Applications";
				OTHER_LDFLAGS = (
					"-framework",
					Foundation,
					"-framework",
					UIKit,
				);
				PREBINDING = NO;
				PRODUCT_NAME = "Test App";
				SDKROOT = iphoneos;
				ZERO_LINK = NO;
			};
			name = Release;
		};
		BD80A3A40F894C800067878C /* Debug */ = {
			isa = XCBuildConfiguration;
			buildSettings = {
				ALWAYS_SEARCH_USER_PATHS = NO;
				CODE_SIGN_IDENTITY = "iPhone Developer";
				COPY_PHASE_STRIP = NO;
				FRAMEWORK_SEARCH_PATHS = (
					"$(inherited)",
					"\"$(SRCROOT)/Frameworks\"",
				);
				GCC_DYNAMIC_NO_PIC = NO;
				GCC_OPTIMIZATION_LEVEL = 0;
				GCC_PRECOMPILE_PREFIX_HEADER = YES;
				GCC_PREFIX_HEADER = "soundcloud-player-webview_Prefix.pch";
				HEADER_SEARCH_PATHS = "\"$(SRCROOT)/Frameworks\"/**";
				INFOPLIST_FILE = "UnitTest-Info.plist";
				INSTALL_PATH = "$(HOME)/Applications";
				OTHER_CFLAGS = "-DDEBUG=1";
				OTHER_LDFLAGS = (
					"-framework",
					Foundation,
					"-framework",
					UIKit,
				);
				PREBINDING = NO;
				PRODUCT_NAME = UnitTest;
				SDKROOT = iphonesimulator2.2.1;
				USER_HEADER_SEARCH_PATHS = "\"$(SRCROOT)/Frameworks\"/**";
			};
			name = Debug;
		};
		BD80A3A50F894C800067878C /* Release */ = {
			isa = XCBuildConfiguration;
			buildSettings = {
				ALWAYS_SEARCH_USER_PATHS = NO;
				CODE_SIGN_IDENTITY = "iPhone Developer";
				COPY_PHASE_STRIP = YES;
				DEBUG_INFORMATION_FORMAT = "dwarf-with-dsym";
				FRAMEWORK_SEARCH_PATHS = (
					"$(inherited)",
					"\"$(SRCROOT)/Frameworks\"",
				);
				GCC_ENABLE_FIX_AND_CONTINUE = NO;
				GCC_PRECOMPILE_PREFIX_HEADER = YES;
				GCC_PREFIX_HEADER = GTM_Prefix.pch;
				HEADER_SEARCH_PATHS = "\"$(SRCROOT)/Frameworks\"/**";
				INFOPLIST_FILE = "UnitTest-Info.plist";
				INSTALL_PATH = "$(HOME)/Applications";
				OTHER_LDFLAGS = (
					"-framework",
					Foundation,
					"-framework",
					UIKit,
				);
				PREBINDING = NO;
				PRODUCT_NAME = UnitTest;
				SDKROOT = iphonesimulator2.2.1;
				USER_HEADER_SEARCH_PATHS = "\"$(SRCROOT)/Frameworks\"/**";
				ZERO_LINK = NO;
			};
			name = Release;
		};
/* End XCBuildConfiguration section */

/* Begin XCConfigurationList section */
		1DEB921E08733DC00010E9CD /* Build configuration list for PBXNativeTarget "soundcloud-player-webview" */ = {
			isa = XCConfigurationList;
			buildConfigurations = (
				1DEB921F08733DC00010E9CD /* Debug */,
				1DEB922008733DC00010E9CD /* Release */,
			);
			defaultConfigurationIsVisible = 0;
			defaultConfigurationName = Release;
		};
		1DEB922208733DC00010E9CD /* Build configuration list for PBXProject "soundcloud-player-webview" */ = {
			isa = XCConfigurationList;
			buildConfigurations = (
				1DEB922308733DC00010E9CD /* Debug */,
				1DEB922408733DC00010E9CD /* Release */,
			);
			defaultConfigurationIsVisible = 0;
			defaultConfigurationName = Release;
		};
		B5E3D67B12FBB86E00586AD9 /* Build configuration list for PBXNativeTarget "Test App" */ = {
			isa = XCConfigurationList;
			buildConfigurations = (
				B5E3D67912FBB86E00586AD9 /* Debug */,
				B5E3D67A12FBB86E00586AD9 /* Release */,
			);
			defaultConfigurationIsVisible = 0;
			defaultConfigurationName = Release;
		};
		BD80A3B30F894CAE0067878C /* Build configuration list for PBXNativeTarget "UnitTest" */ = {
			isa = XCConfigurationList;
			buildConfigurations = (
				BD80A3A40F894C800067878C /* Debug */,
				BD80A3A50F894C800067878C /* Release */,
			);
			defaultConfigurationIsVisible = 0;
			defaultConfigurationName = Release;
		};
/* End XCConfigurationList section */
	};
	rootObject = 0867D690FE84028FC02AAC07 /* Project object */;
}
